
Microsoft Visual Studio Solution File, Format Version 12.00
# Visual Studio Version 17
VisualStudioVersion = 17.1.32210.238
MinimumVisualStudioVersion = 10.0.40219.1
Project("{FAE04EC0-301F-11D3-BF4B-00C04F79EFBC}") = "Fejlesztesi_mintak", "Fejlesztesi_mintak\Fejlesztesi_mintak.csproj", "{3A213990-6D68-46B4-BE97-E70444BF2926}"
EndProject
Global
	GlobalSection(SolutionConfigurationPlatforms) = preSolution
		Debug|Any CPU = Debug|Any CPU
		Release|Any CPU = Release|Any CPU
	EndGlobalSection
	GlobalSection(ProjectConfigurationPlatforms) = postSolution
		{3A213990-6D68-46B4-BE97-E70444BF2926}.Debug|Any CPU.ActiveCfg = Debug|Any CPU
		{3A213990-6D68-46B4-BE97-E70444BF2926}.Debug|Any CPU.Build.0 = Debug|Any CPU
		{3A213990-6D68-46B4-BE97-E70444BF2926}.Release|Any CPU.ActiveCfg = Release|Any CPU
		{3A213990-6D68-46B4-BE97-E70444BF2926}.Release|Any CPU.Build.0 = Release|Any CPU
	EndGlobalSection
	GlobalSection(SolutionProperties) = preSolution
		HideSolutionNode = FALSE
	EndGlobalSection
	GlobalSection(ExtensibilityGlobals) = postSolution
		SolutionGuid = {53594E90-4180-4D67-A745-7828ED48BEFF}
	EndGlobalSection
EndGlobal
